
Microsoft Visual Studio Solution File, Format Version 12.00
Project("{FAE04EC0-301F-11D3-BF4B-00C04F79EFBC}") = "AsuraGate.Spec", "AsuraGate.Spec\AsuraGate.Spec.csproj", "{54746C56-490F-4E49-A05C-52911E6E2856}"
EndProject
Project("{FAE04EC0-301F-11D3-BF4B-00C04F79EFBC}") = "AsuraGate.Gateway", "AsuraGate.Gateway\AsuraGate.Gateway.csproj", "{17F66960-76F0-4E5B-AF8A-9998C63C6B80}"
EndProject
Project("{FAE04EC0-301F-11D3-BF4B-00C04F79EFBC}") = "AsuraGate.Sync", "AsuraGate.Sync\AsuraGate.Sync.csproj", "{015A1B16-1AF2-4615-84A6-B210F095033D}"
EndProject
Project("{FAE04EC0-301F-11D3-BF4B-00C04F79EFBC}") = "AsuraGate.Test", "AsuraGate.Test\AsuraGate.Test.csproj", "{6C7D5B9F-D480-4AB0-BC46-81A96A0826C5}"
EndProject
Project("{FAE04EC0-301F-11D3-BF4B-00C04F79EFBC}") = "AsuraGate.Persistence", "AsuraGate.Persistence\AsuraGate.Persistence.csproj", "{10F69733-9298-4C1D-926A-FFB761D58C60}"
EndProject
Global
	GlobalSection(SolutionConfigurationPlatforms) = preSolution
		Debug|Any CPU = Debug|Any CPU
		Debug|x64 = Debug|x64
		Debug|x86 = Debug|x86
		Release|Any CPU = Release|Any CPU
		Release|x64 = Release|x64
		Release|x86 = Release|x86
	EndGlobalSection
	GlobalSection(ProjectConfigurationPlatforms) = postSolution
		{54746C56-490F-4E49-A05C-52911E6E2856}.Debug|Any CPU.ActiveCfg = Debug|Any CPU
		{54746C56-490F-4E49-A05C-52911E6E2856}.Debug|Any CPU.Build.0 = Debug|Any CPU
		{54746C56-490F-4E49-A05C-52911E6E2856}.Debug|x64.ActiveCfg = Debug|Any CPU
		{54746C56-490F-4E49-A05C-52911E6E2856}.Debug|x64.Build.0 = Debug|Any CPU
		{54746C56-490F-4E49-A05C-52911E6E2856}.Debug|x86.ActiveCfg = Debug|Any CPU
		{54746C56-490F-4E49-A05C-52911E6E2856}.Debug|x86.Build.0 = Debug|Any CPU
		{54746C56-490F-4E49-A05C-52911E6E2856}.Release|Any CPU.ActiveCfg = Release|Any CPU
		{54746C56-490F-4E49-A05C-52911E6E2856}.Release|Any CPU.Build.0 = Release|Any CPU
		{54746C56-490F-4E49-A05C-52911E6E2856}.Release|x64.ActiveCfg = Release|Any CPU
		{54746C56-490F-4E49-A05C-52911E6E2856}.Release|x64.Build.0 = Release|Any CPU
		{54746C56-490F-4E49-A05C-52911E6E2856}.Release|x86.ActiveCfg = Release|Any CPU
		{54746C56-490F-4E49-A05C-52911E6E2856}.Release|x86.Build.0 = Release|Any CPU
		{17F66960-76F0-4E5B-AF8A-9998C63C6B80}.Debug|Any CPU.ActiveCfg = Debug|Any CPU
		{17F66960-76F0-4E5B-AF8A-9998C63C6B80}.Debug|Any CPU.Build.0 = Debug|Any CPU
		{17F66960-76F0-4E5B-AF8A-9998C63C6B80}.Debug|x64.ActiveCfg = Debug|Any CPU
		{17F66960-76F0-4E5B-AF8A-9998C63C6B80}.Debug|x64.Build.0 = Debug|Any CPU
		{17F66960-76F0-4E5B-AF8A-9998C63C6B80}.Debug|x86.ActiveCfg = Debug|Any CPU
		{17F66960-76F0-4E5B-AF8A-9998C63C6B80}.Debug|x86.Build.0 = Debug|Any CPU
		{17F66960-76F0-4E5B-AF8A-9998C63C6B80}.Release|Any CPU.ActiveCfg = Release|Any CPU
		{17F66960-76F0-4E5B-AF8A-9998C63C6B80}.Release|Any CPU.Build.0 = Release|Any CPU
		{17F66960-76F0-4E5B-AF8A-9998C63C6B80}.Release|x64.ActiveCfg = Release|Any CPU
		{17F66960-76F0-4E5B-AF8A-9998C63C6B80}.Release|x64.Build.0 = Release|Any CPU
		{17F66960-76F0-4E5B-AF8A-9998C63C6B80}.Release|x86.ActiveCfg = Release|Any CPU
		{17F66960-76F0-4E5B-AF8A-9998C63C6B80}.Release|x86.Build.0 = Release|Any CPU
		{015A1B16-1AF2-4615-84A6-B210F095033D}.Debug|Any CPU.ActiveCfg = Debug|Any CPU
		{015A1B16-1AF2-4615-84A6-B210F095033D}.Debug|Any CPU.Build.0 = Debug|Any CPU
		{015A1B16-1AF2-4615-84A6-B210F095033D}.Debug|x64.ActiveCfg = Debug|Any CPU
		{015A1B16-1AF2-4615-84A6-B210F095033D}.Debug|x64.Build.0 = Debug|Any CPU
		{015A1B16-1AF2-4615-84A6-B210F095033D}.Debug|x86.ActiveCfg = Debug|Any CPU
		{015A1B16-1AF2-4615-84A6-B210F095033D}.Debug|x86.Build.0 = Debug|Any CPU
		{015A1B16-1AF2-4615-84A6-B210F095033D}.Release|Any CPU.ActiveCfg = Release|Any CPU
		{015A1B16-1AF2-4615-84A6-B210F095033D}.Release|Any CPU.Build.0 = Release|Any CPU
		{015A1B16-1AF2-4615-84A6-B210F095033D}.Release|x64.ActiveCfg = Release|Any CPU
		{015A1B16-1AF2-4615-84A6-B210F095033D}.Release|x64.Build.0 = Release|Any CPU
		{015A1B16-1AF2-4615-84A6-B210F095033D}.Release|x86.ActiveCfg = Release|Any CPU
		{015A1B16-1AF2-4615-84A6-B210F095033D}.Release|x86.Build.0 = Release|Any CPU
		{6C7D5B9F-D480-4AB0-BC46-81A96A0826C5}.Debug|Any CPU.ActiveCfg = Debug|Any CPU
		{6C7D5B9F-D480-4AB0-BC46-81A96A0826C5}.Debug|Any CPU.Build.0 = Debug|Any CPU
		{6C7D5B9F-D480-4AB0-BC46-81A96A0826C5}.Debug|x64.ActiveCfg = Debug|Any CPU
		{6C7D5B9F-D480-4AB0-BC46-81A96A0826C5}.Debug|x64.Build.0 = Debug|Any CPU
		{6C7D5B9F-D480-4AB0-BC46-81A96A0826C5}.Debug|x86.ActiveCfg = Debug|Any CPU
		{6C7D5B9F-D480-4AB0-BC46-81A96A0826C5}.Debug|x86.Build.0 = Debug|Any CPU
		{6C7D5B9F-D480-4AB0-BC46-81A96A0826C5}.Release|Any CPU.ActiveCfg = Release|Any CPU
		{6C7D5B9F-D480-4AB0-BC46-81A96A0826C5}.Release|Any CPU.Build.0 = Release|Any CPU
		{6C7D5B9F-D480-4AB0-BC46-81A96A0826C5}.Release|x64.ActiveCfg = Release|Any CPU
		{6C7D5B9F-D480-4AB0-BC46-81A96A0826C5}.Release|x64.Build.0 = Release|Any CPU
		{6C7D5B9F-D480-4AB0-BC46-81A96A0826C5}.Release|x86.ActiveCfg = Release|Any CPU
		{6C7D5B9F-D480-4AB0-BC46-81A96A0826C5}.Release|x86.Build.0 = Release|Any CPU
		{10F69733-9298-4C1D-926A-FFB761D58C60}.Debug|Any CPU.ActiveCfg = Debug|Any CPU
		{10F69733-9298-4C1D-926A-FFB761D58C60}.Debug|Any CPU.Build.0 = Debug|Any CPU
		{10F69733-9298-4C1D-926A-FFB761D58C60}.Debug|x64.ActiveCfg = Debug|Any CPU
		{10F69733-9298-4C1D-926A-FFB761D58C60}.Debug|x64.Build.0 = Debug|Any CPU
		{10F69733-9298-4C1D-926A-FFB761D58C60}.Debug|x86.ActiveCfg = Debug|Any CPU
		{10F69733-9298-4C1D-926A-FFB761D58C60}.Debug|x86.Build.0 = Debug|Any CPU
		{10F69733-9298-4C1D-926A-FFB761D58C60}.Release|Any CPU.ActiveCfg = Release|Any CPU
		{10F69733-9298-4C1D-926A-FFB761D58C60}.Release|Any CPU.Build.0 = Release|Any CPU
		{10F69733-9298-4C1D-926A-FFB761D58C60}.Release|x64.ActiveCfg = Release|Any CPU
		{10F69733-9298-4C1D-926A-FFB761D58C60}.Release|x64.Build.0 = Release|Any CPU
		{10F69733-9298-4C1D-926A-FFB761D58C60}.Release|x86.ActiveCfg = Release|Any CPU
		{10F69733-9298-4C1D-926A-FFB761D58C60}.Release|x86.Build.0 = Release|Any CPU
	EndGlobalSection
	GlobalSection(SolutionProperties) = preSolution
		HideSolutionNode = FALSE
	EndGlobalSection
EndGlobal
