
Microsoft Visual Studio Solution File, Format Version 12.00
Project("{FAE04EC0-301F-11D3-BF4B-00C04F79EFBC}") = "AsuraGate.Spec", "AsuraGate.Spec\AsuraGate.Spec.csproj", "{54746C56-490F-4E49-A05C-52911E6E2856}"
EndProject
Project("{FAE04EC0-301F-11D3-BF4B-00C04F79EFBC}") = "AsuraGate.Gateway", "AsuraGate.Gateway\AsuraGate.Gateway.csproj", "{17F66960-76F0-4E5B-AF8A-9998C63C6B80}"
EndProject
Project("{FAE04EC0-301F-11D3-BF4B-00C04F79EFBC}") = "AsuraGate.StaticCache", "AsuraGate.StaticCache\AsuraGate.StaticCache.csproj", "{E7CD2ED3-62D4-4E88-97FD-6E698C54F2E5}"
EndProject
Project("{FAE04EC0-301F-11D3-BF4B-00C04F79EFBC}") = "AsuraGate.StaticCache.Tests", "AsuraGate.StaticCache.Tests\AsuraGate.StaticCache.Tests.csproj", "{5F1E7340-D3CA-443D-B5C5-4B9C58F393C0}"
EndProject
Global
	GlobalSection(SolutionConfigurationPlatforms) = preSolution
		Debug|Any CPU = Debug|Any CPU
		Debug|x64 = Debug|x64
		Debug|x86 = Debug|x86
		Release|Any CPU = Release|Any CPU
		Release|x64 = Release|x64
		Release|x86 = Release|x86
	EndGlobalSection
	GlobalSection(ProjectConfigurationPlatforms) = postSolution
		{54746C56-490F-4E49-A05C-52911E6E2856}.Debug|Any CPU.ActiveCfg = Debug|Any CPU
		{54746C56-490F-4E49-A05C-52911E6E2856}.Debug|Any CPU.Build.0 = Debug|Any CPU
		{54746C56-490F-4E49-A05C-52911E6E2856}.Debug|x64.ActiveCfg = Debug|Any CPU
		{54746C56-490F-4E49-A05C-52911E6E2856}.Debug|x64.Build.0 = Debug|Any CPU
		{54746C56-490F-4E49-A05C-52911E6E2856}.Debug|x86.ActiveCfg = Debug|Any CPU
		{54746C56-490F-4E49-A05C-52911E6E2856}.Debug|x86.Build.0 = Debug|Any CPU
		{54746C56-490F-4E49-A05C-52911E6E2856}.Release|Any CPU.ActiveCfg = Release|Any CPU
		{54746C56-490F-4E49-A05C-52911E6E2856}.Release|Any CPU.Build.0 = Release|Any CPU
		{54746C56-490F-4E49-A05C-52911E6E2856}.Release|x64.ActiveCfg = Release|Any CPU
		{54746C56-490F-4E49-A05C-52911E6E2856}.Release|x64.Build.0 = Release|Any CPU
		{54746C56-490F-4E49-A05C-52911E6E2856}.Release|x86.ActiveCfg = Release|Any CPU
		{54746C56-490F-4E49-A05C-52911E6E2856}.Release|x86.Build.0 = Release|Any CPU
		{17F66960-76F0-4E5B-AF8A-9998C63C6B80}.Debug|Any CPU.ActiveCfg = Debug|Any CPU
		{17F66960-76F0-4E5B-AF8A-9998C63C6B80}.Debug|Any CPU.Build.0 = Debug|Any CPU
		{17F66960-76F0-4E5B-AF8A-9998C63C6B80}.Debug|x64.ActiveCfg = Debug|Any CPU
		{17F66960-76F0-4E5B-AF8A-9998C63C6B80}.Debug|x64.Build.0 = Debug|Any CPU
		{17F66960-76F0-4E5B-AF8A-9998C63C6B80}.Debug|x86.ActiveCfg = Debug|Any CPU
		{17F66960-76F0-4E5B-AF8A-9998C63C6B80}.Debug|x86.Build.0 = Debug|Any CPU
		{17F66960-76F0-4E5B-AF8A-9998C63C6B80}.Release|Any CPU.ActiveCfg = Release|Any CPU
		{17F66960-76F0-4E5B-AF8A-9998C63C6B80}.Release|Any CPU.Build.0 = Release|Any CPU
		{17F66960-76F0-4E5B-AF8A-9998C63C6B80}.Release|x64.ActiveCfg = Release|Any CPU
		{17F66960-76F0-4E5B-AF8A-9998C63C6B80}.Release|x64.Build.0 = Release|Any CPU
		{17F66960-76F0-4E5B-AF8A-9998C63C6B80}.Release|x86.ActiveCfg = Release|Any CPU
		{17F66960-76F0-4E5B-AF8A-9998C63C6B80}.Release|x86.Build.0 = Release|Any CPU
		{E7CD2ED3-62D4-4E88-97FD-6E698C54F2E5}.Debug|Any CPU.ActiveCfg = Debug|Any CPU
		{E7CD2ED3-62D4-4E88-97FD-6E698C54F2E5}.Debug|Any CPU.Build.0 = Debug|Any CPU
		{E7CD2ED3-62D4-4E88-97FD-6E698C54F2E5}.Debug|x64.ActiveCfg = Debug|Any CPU
		{E7CD2ED3-62D4-4E88-97FD-6E698C54F2E5}.Debug|x64.Build.0 = Debug|Any CPU
		{E7CD2ED3-62D4-4E88-97FD-6E698C54F2E5}.Debug|x86.ActiveCfg = Debug|Any CPU
		{E7CD2ED3-62D4-4E88-97FD-6E698C54F2E5}.Debug|x86.Build.0 = Debug|Any CPU
		{E7CD2ED3-62D4-4E88-97FD-6E698C54F2E5}.Release|Any CPU.ActiveCfg = Release|Any CPU
		{E7CD2ED3-62D4-4E88-97FD-6E698C54F2E5}.Release|Any CPU.Build.0 = Release|Any CPU
		{E7CD2ED3-62D4-4E88-97FD-6E698C54F2E5}.Release|x64.ActiveCfg = Release|Any CPU
		{E7CD2ED3-62D4-4E88-97FD-6E698C54F2E5}.Release|x64.Build.0 = Release|Any CPU
		{E7CD2ED3-62D4-4E88-97FD-6E698C54F2E5}.Release|x86.ActiveCfg = Release|Any CPU
		{E7CD2ED3-62D4-4E88-97FD-6E698C54F2E5}.Release|x86.Build.0 = Release|Any CPU
		{5F1E7340-D3CA-443D-B5C5-4B9C58F393C0}.Debug|Any CPU.ActiveCfg = Debug|Any CPU
		{5F1E7340-D3CA-443D-B5C5-4B9C58F393C0}.Debug|Any CPU.Build.0 = Debug|Any CPU
		{5F1E7340-D3CA-443D-B5C5-4B9C58F393C0}.Debug|x64.ActiveCfg = Debug|Any CPU
		{5F1E7340-D3CA-443D-B5C5-4B9C58F393C0}.Debug|x64.Build.0 = Debug|Any CPU
		{5F1E7340-D3CA-443D-B5C5-4B9C58F393C0}.Debug|x86.ActiveCfg = Debug|Any CPU
		{5F1E7340-D3CA-443D-B5C5-4B9C58F393C0}.Debug|x86.Build.0 = Debug|Any CPU
		{5F1E7340-D3CA-443D-B5C5-4B9C58F393C0}.Release|Any CPU.ActiveCfg = Release|Any CPU
		{5F1E7340-D3CA-443D-B5C5-4B9C58F393C0}.Release|Any CPU.Build.0 = Release|Any CPU
		{5F1E7340-D3CA-443D-B5C5-4B9C58F393C0}.Release|x64.ActiveCfg = Release|Any CPU
		{5F1E7340-D3CA-443D-B5C5-4B9C58F393C0}.Release|x64.Build.0 = Release|Any CPU
		{5F1E7340-D3CA-443D-B5C5-4B9C58F393C0}.Release|x86.ActiveCfg = Release|Any CPU
		{5F1E7340-D3CA-443D-B5C5-4B9C58F393C0}.Release|x86.Build.0 = Release|Any CPU
	EndGlobalSection
	GlobalSection(SolutionProperties) = preSolution
		HideSolutionNode = FALSE
	EndGlobalSection
EndGlobal
